// !$*UTF8*$!
{
	archiveVersion = 1;
	classes = {
	};
	objectVersion = 56;
	objects = {

/* Begin PBXBuildFile section */
		CC980F3641DDB6CE2C9F2116 /* Pods_msgiOS.framework in Frameworks */ = {isa = PBXBuildFile; fileRef = F3767F36C8DC954BB424E450 /* Pods_msgiOS.framework */; };
		D017431729D26E1E000429C7 /* AppDelegate.swift in Sources */ = {isa = PBXBuildFile; fileRef = D017431629D26E1E000429C7 /* AppDelegate.swift */; };
		D017431929D26E1E000429C7 /* SceneDelegate.swift in Sources */ = {isa = PBXBuildFile; fileRef = D017431829D26E1E000429C7 /* SceneDelegate.swift */; };
		D017431B29D26E1E000429C7 /* LoginViewController.swift in Sources */ = {isa = PBXBuildFile; fileRef = D017431A29D26E1E000429C7 /* LoginViewController.swift */; };
		D017432129D26E1E000429C7 /* msgiOS.xcdatamodeld in Sources */ = {isa = PBXBuildFile; fileRef = D017431F29D26E1E000429C7 /* msgiOS.xcdatamodeld */; };
		D017432329D26E1F000429C7 /* Assets.xcassets in Resources */ = {isa = PBXBuildFile; fileRef = D017432229D26E1F000429C7 /* Assets.xcassets */; };
		D017432629D26E1F000429C7 /* LaunchScreen.storyboard in Resources */ = {isa = PBXBuildFile; fileRef = D017432429D26E1F000429C7 /* LaunchScreen.storyboard */; };
		D017432E29D26EAB000429C7 /* BaseViewController.swift in Sources */ = {isa = PBXBuildFile; fileRef = D017432D29D26EAB000429C7 /* BaseViewController.swift */; };
		D017433029D273DC000429C7 /* Vector.png in Resources */ = {isa = PBXBuildFile; fileRef = D017432F29D273DC000429C7 /* Vector.png */; };
		D0A9F3B329D2F9E7005BEFBB /* UIColor.swift in Sources */ = {isa = PBXBuildFile; fileRef = D0A9F3B229D2F9E7005BEFBB /* UIColor.swift */; };
		D0A9F3B529D2FA63005BEFBB /* extension.swift in Sources */ = {isa = PBXBuildFile; fileRef = D0A9F3B429D2FA63005BEFBB /* extension.swift */; };
		D0A9F3BB29D32624005BEFBB /* MainViewController.swift in Sources */ = {isa = PBXBuildFile; fileRef = D0A9F3BA29D32624005BEFBB /* MainViewController.swift */; };
		D0A9F3BD29D326D8005BEFBB /* Line 3.png in Resources */ = {isa = PBXBuildFile; fileRef = D0A9F3BC29D326D8005BEFBB /* Line 3.png */; };
		D0A9F3C129D32D98005BEFBB /* SignupViewController.swift in Sources */ = {isa = PBXBuildFile; fileRef = D0A9F3C029D32D98005BEFBB /* SignupViewController.swift */; };
		D0A9F3C329D32E82005BEFBB /* FindIdViewController.swift in Sources */ = {isa = PBXBuildFile; fileRef = D0A9F3C229D32E82005BEFBB /* FindIdViewController.swift */; };
		D0A9F3C529D32F75005BEFBB /* FindPasswordViewcontroller.swift in Sources */ = {isa = PBXBuildFile; fileRef = D0A9F3C429D32F75005BEFBB /* FindPasswordViewcontroller.swift */; };
/* End PBXBuildFile section */

/* Begin PBXFileReference section */
		4F202A2D7721A4755714CBF9 /* Pods-msgiOS.release.xcconfig */ = {isa = PBXFileReference; includeInIndex = 1; lastKnownFileType = text.xcconfig; name = "Pods-msgiOS.release.xcconfig"; path = "Target Support Files/Pods-msgiOS/Pods-msgiOS.release.xcconfig"; sourceTree = "<group>"; };
		D017431329D26E1E000429C7 /* msgiOS.app */ = {isa = PBXFileReference; explicitFileType = wrapper.application; includeInIndex = 0; path = msgiOS.app; sourceTree = BUILT_PRODUCTS_DIR; };
		D017431629D26E1E000429C7 /* AppDelegate.swift */ = {isa = PBXFileReference; lastKnownFileType = sourcecode.swift; path = AppDelegate.swift; sourceTree = "<group>"; };
		D017431829D26E1E000429C7 /* SceneDelegate.swift */ = {isa = PBXFileReference; lastKnownFileType = sourcecode.swift; path = SceneDelegate.swift; sourceTree = "<group>"; };
		D017431A29D26E1E000429C7 /* LoginViewController.swift */ = {isa = PBXFileReference; lastKnownFileType = sourcecode.swift; path = LoginViewController.swift; sourceTree = "<group>"; };
		D017432029D26E1E000429C7 /* msgiOS.xcdatamodel */ = {isa = PBXFileReference; lastKnownFileType = wrapper.xcdatamodel; path = msgiOS.xcdatamodel; sourceTree = "<group>"; };
		D017432229D26E1F000429C7 /* Assets.xcassets */ = {isa = PBXFileReference; lastKnownFileType = folder.assetcatalog; path = Assets.xcassets; sourceTree = "<group>"; };
		D017432529D26E1F000429C7 /* Base */ = {isa = PBXFileReference; lastKnownFileType = file.storyboard; name = Base; path = Base.lproj/LaunchScreen.storyboard; sourceTree = "<group>"; };
		D017432729D26E1F000429C7 /* Info.plist */ = {isa = PBXFileReference; lastKnownFileType = text.plist.xml; path = Info.plist; sourceTree = "<group>"; };
		D017432D29D26EAB000429C7 /* BaseViewController.swift */ = {isa = PBXFileReference; lastKnownFileType = sourcecode.swift; path = BaseViewController.swift; sourceTree = "<group>"; };
		D017432F29D273DC000429C7 /* Vector.png */ = {isa = PBXFileReference; lastKnownFileType = image.png; path = Vector.png; sourceTree = "<group>"; };
		D0A9F3B229D2F9E7005BEFBB /* UIColor.swift */ = {isa = PBXFileReference; lastKnownFileType = sourcecode.swift; path = UIColor.swift; sourceTree = "<group>"; };
		D0A9F3B429D2FA63005BEFBB /* extension.swift */ = {isa = PBXFileReference; lastKnownFileType = sourcecode.swift; path = extension.swift; sourceTree = "<group>"; };
		D0A9F3BA29D32624005BEFBB /* MainViewController.swift */ = {isa = PBXFileReference; lastKnownFileType = sourcecode.swift; path = MainViewController.swift; sourceTree = "<group>"; };
		D0A9F3BC29D326D8005BEFBB /* Line 3.png */ = {isa = PBXFileReference; lastKnownFileType = image.png; path = "Line 3.png"; sourceTree = "<group>"; };
		D0A9F3C029D32D98005BEFBB /* SignupViewController.swift */ = {isa = PBXFileReference; lastKnownFileType = sourcecode.swift; path = SignupViewController.swift; sourceTree = "<group>"; };
		D0A9F3C229D32E82005BEFBB /* FindIdViewController.swift */ = {isa = PBXFileReference; lastKnownFileType = sourcecode.swift; path = FindIdViewController.swift; sourceTree = "<group>"; };
		D0A9F3C429D32F75005BEFBB /* FindPasswordViewcontroller.swift */ = {isa = PBXFileReference; lastKnownFileType = sourcecode.swift; path = FindPasswordViewcontroller.swift; sourceTree = "<group>"; };
		F0EAC7CEC696F76A23FC460D /* Pods-msgiOS.debug.xcconfig */ = {isa = PBXFileReference; includeInIndex = 1; lastKnownFileType = text.xcconfig; name = "Pods-msgiOS.debug.xcconfig"; path = "Target Support Files/Pods-msgiOS/Pods-msgiOS.debug.xcconfig"; sourceTree = "<group>"; };
		F3767F36C8DC954BB424E450 /* Pods_msgiOS.framework */ = {isa = PBXFileReference; explicitFileType = wrapper.framework; includeInIndex = 0; path = Pods_msgiOS.framework; sourceTree = BUILT_PRODUCTS_DIR; };
/* End PBXFileReference section */

/* Begin PBXFrameworksBuildPhase section */
		D017431029D26E1E000429C7 /* Frameworks */ = {
			isa = PBXFrameworksBuildPhase;
			buildActionMask = 2147483647;
			files = (
				CC980F3641DDB6CE2C9F2116 /* Pods_msgiOS.framework in Frameworks */,
			);
			runOnlyForDeploymentPostprocessing = 0;
		};
/* End PBXFrameworksBuildPhase section */

/* Begin PBXGroup section */
		BF77AAF49B615DA4E05A1FC8 /* Frameworks */ = {
			isa = PBXGroup;
			children = (
				F3767F36C8DC954BB424E450 /* Pods_msgiOS.framework */,
			);
			name = Frameworks;
			sourceTree = "<group>";
		};
		D017430A29D26E1E000429C7 = {
			isa = PBXGroup;
			children = (
				D017431529D26E1E000429C7 /* msgiOS */,
				D017431429D26E1E000429C7 /* Products */,
				EAEB5E4C0F38280EA7419901 /* Pods */,
				BF77AAF49B615DA4E05A1FC8 /* Frameworks */,
			);
			sourceTree = "<group>";
		};
		D017431429D26E1E000429C7 /* Products */ = {
			isa = PBXGroup;
			children = (
				D017431329D26E1E000429C7 /* msgiOS.app */,
			);
			name = Products;
			sourceTree = "<group>";
		};
		D017431529D26E1E000429C7 /* msgiOS */ = {
			isa = PBXGroup;
			children = (
				D0A9F3BF29D32D64005BEFBB /* ViewController */,
				D0A9F3BE29D326DE005BEFBB /* image */,
				D0A9F3B129D2F9C7005BEFBB /* Extension */,
				D017431629D26E1E000429C7 /* AppDelegate.swift */,
				D017431829D26E1E000429C7 /* SceneDelegate.swift */,
				D017432229D26E1F000429C7 /* Assets.xcassets */,
				D017432429D26E1F000429C7 /* LaunchScreen.storyboard */,
				D017432D29D26EAB000429C7 /* BaseViewController.swift */,
				D017432729D26E1F000429C7 /* Info.plist */,
				D017431F29D26E1E000429C7 /* msgiOS.xcdatamodeld */,
			);
			path = msgiOS;
			sourceTree = "<group>";
		};
		D0A9F3B129D2F9C7005BEFBB /* Extension */ = {
			isa = PBXGroup;
			children = (
				D0A9F3B229D2F9E7005BEFBB /* UIColor.swift */,
				D0A9F3B429D2FA63005BEFBB /* extension.swift */,
			);
			path = Extension;
			sourceTree = "<group>";
		};
		D0A9F3BE29D326DE005BEFBB /* image */ = {
			isa = PBXGroup;
			children = (
				D017432F29D273DC000429C7 /* Vector.png */,
				D0A9F3BC29D326D8005BEFBB /* Line 3.png */,
			);
			path = image;
			sourceTree = "<group>";
		};
		D0A9F3BF29D32D64005BEFBB /* ViewController */ = {
			isa = PBXGroup;
			children = (
				D0A9F3BA29D32624005BEFBB /* MainViewController.swift */,
				D017431A29D26E1E000429C7 /* LoginViewController.swift */,
				D0A9F3C029D32D98005BEFBB /* SignupViewController.swift */,
				D0A9F3C229D32E82005BEFBB /* FindIdViewController.swift */,
				D0A9F3C429D32F75005BEFBB /* FindPasswordViewcontroller.swift */,
			);
			path = ViewController;
			sourceTree = "<group>";
		};
		EAEB5E4C0F38280EA7419901 /* Pods */ = {
			isa = PBXGroup;
			children = (
				F0EAC7CEC696F76A23FC460D /* Pods-msgiOS.debug.xcconfig */,
				4F202A2D7721A4755714CBF9 /* Pods-msgiOS.release.xcconfig */,
			);
			path = Pods;
			sourceTree = "<group>";
		};
/* End PBXGroup section */

/* Begin PBXNativeTarget section */
		D017431229D26E1E000429C7 /* msgiOS */ = {
			isa = PBXNativeTarget;
			buildConfigurationList = D017432A29D26E1F000429C7 /* Build configuration list for PBXNativeTarget "msgiOS" */;
			buildPhases = (
				E1C8C94877C47475B4CDB18C /* [CP] Check Pods Manifest.lock */,
				D017430F29D26E1E000429C7 /* Sources */,
				D017431029D26E1E000429C7 /* Frameworks */,
				D017431129D26E1E000429C7 /* Resources */,
				6D7A5DCA77C2FC62F2CB655A /* [CP] Embed Pods Frameworks */,
			);
			buildRules = (
			);
			dependencies = (
			);
			name = msgiOS;
			productName = msgiOS;
			productReference = D017431329D26E1E000429C7 /* msgiOS.app */;
			productType = "com.apple.product-type.application";
		};
/* End PBXNativeTarget section */

/* Begin PBXProject section */
		D017430B29D26E1E000429C7 /* Project object */ = {
			isa = PBXProject;
			attributes = {
				BuildIndependentTargetsInParallel = 1;
				LastSwiftUpdateCheck = 1420;
				LastUpgradeCheck = 1420;
				TargetAttributes = {
					D017431229D26E1E000429C7 = {
						CreatedOnToolsVersion = 14.2;
					};
				};
			};
			buildConfigurationList = D017430E29D26E1E000429C7 /* Build configuration list for PBXProject "msgiOS" */;
			compatibilityVersion = "Xcode 14.0";
			developmentRegion = en;
			hasScannedForEncodings = 0;
			knownRegions = (
				en,
				Base,
			);
			mainGroup = D017430A29D26E1E000429C7;
			productRefGroup = D017431429D26E1E000429C7 /* Products */;
			projectDirPath = "";
			projectRoot = "";
			targets = (
				D017431229D26E1E000429C7 /* msgiOS */,
			);
		};
/* End PBXProject section */

/* Begin PBXResourcesBuildPhase section */
		D017431129D26E1E000429C7 /* Resources */ = {
			isa = PBXResourcesBuildPhase;
			buildActionMask = 2147483647;
			files = (
				D0A9F3BD29D326D8005BEFBB /* Line 3.png in Resources */,
				D017432629D26E1F000429C7 /* LaunchScreen.storyboard in Resources */,
				D017432329D26E1F000429C7 /* Assets.xcassets in Resources */,
				D017433029D273DC000429C7 /* Vector.png in Resources */,
			);
			runOnlyForDeploymentPostprocessing = 0;
		};
/* End PBXResourcesBuildPhase section */

/* Begin PBXShellScriptBuildPhase section */
		6D7A5DCA77C2FC62F2CB655A /* [CP] Embed Pods Frameworks */ = {
			isa = PBXShellScriptBuildPhase;
			buildActionMask = 2147483647;
			files = (
			);
			inputFileListPaths = (
				"${PODS_ROOT}/Target Support Files/Pods-msgiOS/Pods-msgiOS-frameworks-${CONFIGURATION}-input-files.xcfilelist",
			);
			name = "[CP] Embed Pods Frameworks";
			outputFileListPaths = (
				"${PODS_ROOT}/Target Support Files/Pods-msgiOS/Pods-msgiOS-frameworks-${CONFIGURATION}-output-files.xcfilelist",
			);
			runOnlyForDeploymentPostprocessing = 0;
			shellPath = /bin/sh;
			shellScript = "\"${PODS_ROOT}/Target Support Files/Pods-msgiOS/Pods-msgiOS-frameworks.sh\"\n";
			showEnvVarsInLog = 0;
		};
		E1C8C94877C47475B4CDB18C /* [CP] Check Pods Manifest.lock */ = {
			isa = PBXShellScriptBuildPhase;
			buildActionMask = 2147483647;
			files = (
			);
			inputFileListPaths = (
			);
			inputPaths = (
				"${PODS_PODFILE_DIR_PATH}/Podfile.lock",
				"${PODS_ROOT}/Manifest.lock",
			);
			name = "[CP] Check Pods Manifest.lock";
			outputFileListPaths = (
			);
			outputPaths = (
				"$(DERIVED_FILE_DIR)/Pods-msgiOS-checkManifestLockResult.txt",
			);
			runOnlyForDeploymentPostprocessing = 0;
			shellPath = /bin/sh;
			shellScript = "diff \"${PODS_PODFILE_DIR_PATH}/Podfile.lock\" \"${PODS_ROOT}/Manifest.lock\" > /dev/null\nif [ $? != 0 ] ; then\n    # print error to STDERR\n    echo \"error: The sandbox is not in sync with the Podfile.lock. Run 'pod install' or update your CocoaPods installation.\" >&2\n    exit 1\nfi\n# This output is used by Xcode 'outputs' to avoid re-running this script phase.\necho \"SUCCESS\" > \"${SCRIPT_OUTPUT_FILE_0}\"\n";
			showEnvVarsInLog = 0;
		};
/* End PBXShellScriptBuildPhase section */

/* Begin PBXSourcesBuildPhase section */
		D017430F29D26E1E000429C7 /* Sources */ = {
			isa = PBXSourcesBuildPhase;
			buildActionMask = 2147483647;
			files = (
				D0A9F3C129D32D98005BEFBB /* SignupViewController.swift in Sources */,
				D017432E29D26EAB000429C7 /* BaseViewController.swift in Sources */,
				D0A9F3C329D32E82005BEFBB /* FindIdViewController.swift in Sources */,
				D0A9F3B529D2FA63005BEFBB /* extension.swift in Sources */,
				D0A9F3B329D2F9E7005BEFBB /* UIColor.swift in Sources */,
				D017431B29D26E1E000429C7 /* LoginViewController.swift in Sources */,
				D0A9F3C529D32F75005BEFBB /* FindPasswordViewcontroller.swift in Sources */,
				D017432129D26E1E000429C7 /* msgiOS.xcdatamodeld in Sources */,
				D017431729D26E1E000429C7 /* AppDelegate.swift in Sources */,
				D017431929D26E1E000429C7 /* SceneDelegate.swift in Sources */,
				D0A9F3BB29D32624005BEFBB /* MainViewController.swift in Sources */,
			);
			runOnlyForDeploymentPostprocessing = 0;
		};
/* End PBXSourcesBuildPhase section */

/* Begin PBXVariantGroup section */
		D017432429D26E1F000429C7 /* LaunchScreen.storyboard */ = {
			isa = PBXVariantGroup;
			children = (
				D017432529D26E1F000429C7 /* Base */,
			);
			name = LaunchScreen.storyboard;
			sourceTree = "<group>";
		};
/* End PBXVariantGroup section */

/* Begin XCBuildConfiguration section */
		D017432829D26E1F000429C7 /* Debug */ = {
			isa = XCBuildConfiguration;
			buildSettings = {
				ALWAYS_SEARCH_USER_PATHS = NO;
				CLANG_ANALYZER_NONNULL = YES;
				CLANG_ANALYZER_NUMBER_OBJECT_CONVERSION = YES_AGGRESSIVE;
				CLANG_CXX_LANGUAGE_STANDARD = "gnu++20";
				CLANG_ENABLE_MODULES = YES;
				CLANG_ENABLE_OBJC_ARC = YES;
				CLANG_ENABLE_OBJC_WEAK = YES;
				CLANG_WARN_BLOCK_CAPTURE_AUTORELEASING = YES;
				CLANG_WARN_BOOL_CONVERSION = YES;
				CLANG_WARN_COMMA = YES;
				CLANG_WARN_CONSTANT_CONVERSION = YES;
				CLANG_WARN_DEPRECATED_OBJC_IMPLEMENTATIONS = YES;
				CLANG_WARN_DIRECT_OBJC_ISA_USAGE = YES_ERROR;
				CLANG_WARN_DOCUMENTATION_COMMENTS = YES;
				CLANG_WARN_EMPTY_BODY = YES;
				CLANG_WARN_ENUM_CONVERSION = YES;
				CLANG_WARN_INFINITE_RECURSION = YES;
				CLANG_WARN_INT_CONVERSION = YES;
				CLANG_WARN_NON_LITERAL_NULL_CONVERSION = YES;
				CLANG_WARN_OBJC_IMPLICIT_RETAIN_SELF = YES;
				CLANG_WARN_OBJC_LITERAL_CONVERSION = YES;
				CLANG_WARN_OBJC_ROOT_CLASS = YES_ERROR;
				CLANG_WARN_QUOTED_INCLUDE_IN_FRAMEWORK_HEADER = YES;
				CLANG_WARN_RANGE_LOOP_ANALYSIS = YES;
				CLANG_WARN_STRICT_PROTOTYPES = YES;
				CLANG_WARN_SUSPICIOUS_MOVE = YES;
				CLANG_WARN_UNGUARDED_AVAILABILITY = YES_AGGRESSIVE;
				CLANG_WARN_UNREACHABLE_CODE = YES;
				CLANG_WARN__DUPLICATE_METHOD_MATCH = YES;
				COPY_PHASE_STRIP = NO;
				DEBUG_INFORMATION_FORMAT = dwarf;
				ENABLE_STRICT_OBJC_MSGSEND = YES;
				ENABLE_TESTABILITY = YES;
				GCC_C_LANGUAGE_STANDARD = gnu11;
				GCC_DYNAMIC_NO_PIC = NO;
				GCC_NO_COMMON_BLOCKS = YES;
				GCC_OPTIMIZATION_LEVEL = 0;
				GCC_PREPROCESSOR_DEFINITIONS = (
					"DEBUG=1",
					"$(inherited)",
				);
				GCC_WARN_64_TO_32_BIT_CONVERSION = YES;
				GCC_WARN_ABOUT_RETURN_TYPE = YES_ERROR;
				GCC_WARN_UNDECLARED_SELECTOR = YES;
				GCC_WARN_UNINITIALIZED_AUTOS = YES_AGGRESSIVE;
				GCC_WARN_UNUSED_FUNCTION = YES;
				GCC_WARN_UNUSED_VARIABLE = YES;
				IPHONEOS_DEPLOYMENT_TARGET = 16.2;
				MTL_ENABLE_DEBUG_INFO = INCLUDE_SOURCE;
				MTL_FAST_MATH = YES;
				ONLY_ACTIVE_ARCH = YES;
				SDKROOT = iphoneos;
				SWIFT_ACTIVE_COMPILATION_CONDITIONS = DEBUG;
				SWIFT_OPTIMIZATION_LEVEL = "-Onone";
			};
			name = Debug;
		};
		D017432929D26E1F000429C7 /* Release */ = {
			isa = XCBuildConfiguration;
			buildSettings = {
				ALWAYS_SEARCH_USER_PATHS = NO;
				CLANG_ANALYZER_NONNULL = YES;
				CLANG_ANALYZER_NUMBER_OBJECT_CONVERSION = YES_AGGRESSIVE;
				CLANG_CXX_LANGUAGE_STANDARD = "gnu++20";
				CLANG_ENABLE_MODULES = YES;
				CLANG_ENABLE_OBJC_ARC = YES;
				CLANG_ENABLE_OBJC_WEAK = YES;
				CLANG_WARN_BLOCK_CAPTURE_AUTORELEASING = YES;
				CLANG_WARN_BOOL_CONVERSION = YES;
				CLANG_WARN_COMMA = YES;
				CLANG_WARN_CONSTANT_CONVERSION = YES;
				CLANG_WARN_DEPRECATED_OBJC_IMPLEMENTATIONS = YES;
				CLANG_WARN_DIRECT_OBJC_ISA_USAGE = YES_ERROR;
				CLANG_WARN_DOCUMENTATION_COMMENTS = YES;
				CLANG_WARN_EMPTY_BODY = YES;
				CLANG_WARN_ENUM_CONVERSION = YES;
				CLANG_WARN_INFINITE_RECURSION = YES;
				CLANG_WARN_INT_CONVERSION = YES;
				CLANG_WARN_NON_LITERAL_NULL_CONVERSION = YES;
				CLANG_WARN_OBJC_IMPLICIT_RETAIN_SELF = YES;
				CLANG_WARN_OBJC_LITERAL_CONVERSION = YES;
				CLANG_WARN_OBJC_ROOT_CLASS = YES_ERROR;
				CLANG_WARN_QUOTED_INCLUDE_IN_FRAMEWORK_HEADER = YES;
				CLANG_WARN_RANGE_LOOP_ANALYSIS = YES;
				CLANG_WARN_STRICT_PROTOTYPES = YES;
				CLANG_WARN_SUSPICIOUS_MOVE = YES;
				CLANG_WARN_UNGUARDED_AVAILABILITY = YES_AGGRESSIVE;
				CLANG_WARN_UNREACHABLE_CODE = YES;
				CLANG_WARN__DUPLICATE_METHOD_MATCH = YES;
				COPY_PHASE_STRIP = NO;
				DEBUG_INFORMATION_FORMAT = "dwarf-with-dsym";
				ENABLE_NS_ASSERTIONS = NO;
				ENABLE_STRICT_OBJC_MSGSEND = YES;
				GCC_C_LANGUAGE_STANDARD = gnu11;
				GCC_NO_COMMON_BLOCKS = YES;
				GCC_WARN_64_TO_32_BIT_CONVERSION = YES;
				GCC_WARN_ABOUT_RETURN_TYPE = YES_ERROR;
				GCC_WARN_UNDECLARED_SELECTOR = YES;
				GCC_WARN_UNINITIALIZED_AUTOS = YES_AGGRESSIVE;
				GCC_WARN_UNUSED_FUNCTION = YES;
				GCC_WARN_UNUSED_VARIABLE = YES;
				IPHONEOS_DEPLOYMENT_TARGET = 16.2;
				MTL_ENABLE_DEBUG_INFO = NO;
				MTL_FAST_MATH = YES;
				SDKROOT = iphoneos;
				SWIFT_COMPILATION_MODE = wholemodule;
				SWIFT_OPTIMIZATION_LEVEL = "-O";
				VALIDATE_PRODUCT = YES;
			};
			name = Release;
		};
		D017432B29D26E1F000429C7 /* Debug */ = {
			isa = XCBuildConfiguration;
			baseConfigurationReference = F0EAC7CEC696F76A23FC460D /* Pods-msgiOS.debug.xcconfig */;
			buildSettings = {
				ASSETCATALOG_COMPILER_APPICON_NAME = AppIcon;
				ASSETCATALOG_COMPILER_GLOBAL_ACCENT_COLOR_NAME = AccentColor;
				CODE_SIGN_STYLE = Automatic;
				CURRENT_PROJECT_VERSION = 1;
				DEVELOPMENT_TEAM = FHST2C78H4;
				GENERATE_INFOPLIST_FILE = YES;
				INFOPLIST_FILE = msgiOS/Info.plist;
				INFOPLIST_KEY_UIApplicationSupportsIndirectInputEvents = YES;
				INFOPLIST_KEY_UILaunchStoryboardName = LaunchScreen;
				INFOPLIST_KEY_UISupportedInterfaceOrientations_iPad = "UIInterfaceOrientationPortrait UIInterfaceOrientationPortraitUpsideDown UIInterfaceOrientationLandscapeLeft UIInterfaceOrientationLandscapeRight";
				INFOPLIST_KEY_UISupportedInterfaceOrientations_iPhone = "UIInterfaceOrientationPortrait UIInterfaceOrientationLandscapeLeft UIInterfaceOrientationLandscapeRight";
				LD_RUNPATH_SEARCH_PATHS = (
					"$(inherited)",
					"@executable_path/Frameworks",
				);
				MARKETING_VERSION = 1.0;
				PRODUCT_BUNDLE_IDENTIFIER = yoonseo.msgiOS;
				PRODUCT_NAME = "$(TARGET_NAME)";
				SWIFT_EMIT_LOC_STRINGS = YES;
				SWIFT_VERSION = 5.0;
				TARGETED_DEVICE_FAMILY = "1,2";
			};
			name = Debug;
		};
		D017432C29D26E1F000429C7 /* Release */ = {
			isa = XCBuildConfiguration;
			baseConfigurationReference = 4F202A2D7721A4755714CBF9 /* Pods-msgiOS.release.xcconfig */;
			buildSettings = {
				ASSETCATALOG_COMPILER_APPICON_NAME = AppIcon;
				ASSETCATALOG_COMPILER_GLOBAL_ACCENT_COLOR_NAME = AccentColor;
				CODE_SIGN_STYLE = Automatic;
				CURRENT_PROJECT_VERSION = 1;
				DEVELOPMENT_TEAM = FHST2C78H4;
				GENERATE_INFOPLIST_FILE = YES;
				INFOPLIST_FILE = msgiOS/Info.plist;
				INFOPLIST_KEY_UIApplicationSupportsIndirectInputEvents = YES;
				INFOPLIST_KEY_UILaunchStoryboardName = LaunchScreen;
				INFOPLIST_KEY_UISupportedInterfaceOrientations_iPad = "UIInterfaceOrientationPortrait UIInterfaceOrientationPortraitUpsideDown UIInterfaceOrientationLandscapeLeft UIInterfaceOrientationLandscapeRight";
				INFOPLIST_KEY_UISupportedInterfaceOrientations_iPhone = "UIInterfaceOrientationPortrait UIInterfaceOrientationLandscapeLeft UIInterfaceOrientationLandscapeRight";
				LD_RUNPATH_SEARCH_PATHS = (
					"$(inherited)",
					"@executable_path/Frameworks",
				);
				MARKETING_VERSION = 1.0;
				PRODUCT_BUNDLE_IDENTIFIER = yoonseo.msgiOS;
				PRODUCT_NAME = "$(TARGET_NAME)";
				SWIFT_EMIT_LOC_STRINGS = YES;
				SWIFT_VERSION = 5.0;
				TARGETED_DEVICE_FAMILY = "1,2";
			};
			name = Release;
		};
/* End XCBuildConfiguration section */

/* Begin XCConfigurationList section */
		D017430E29D26E1E000429C7 /* Build configuration list for PBXProject "msgiOS" */ = {
			isa = XCConfigurationList;
			buildConfigurations = (
				D017432829D26E1F000429C7 /* Debug */,
				D017432929D26E1F000429C7 /* Release */,
			);
			defaultConfigurationIsVisible = 0;
			defaultConfigurationName = Release;
		};
		D017432A29D26E1F000429C7 /* Build configuration list for PBXNativeTarget "msgiOS" */ = {
			isa = XCConfigurationList;
			buildConfigurations = (
				D017432B29D26E1F000429C7 /* Debug */,
				D017432C29D26E1F000429C7 /* Release */,
			);
			defaultConfigurationIsVisible = 0;
			defaultConfigurationName = Release;
		};
/* End XCConfigurationList section */

/* Begin XCVersionGroup section */
		D017431F29D26E1E000429C7 /* msgiOS.xcdatamodeld */ = {
			isa = XCVersionGroup;
			children = (
				D017432029D26E1E000429C7 /* msgiOS.xcdatamodel */,
			);
			currentVersion = D017432029D26E1E000429C7 /* msgiOS.xcdatamodel */;
			path = msgiOS.xcdatamodeld;
			sourceTree = "<group>";
			versionGroupType = wrapper.xcdatamodel;
		};
/* End XCVersionGroup section */
	};
	rootObject = D017430B29D26E1E000429C7 /* Project object */;
}
