// !$*UTF8*$!
{
	archiveVersion = 1;
	classes = {
	};
	objectVersion = 56;
	objects = {

/* Begin PBXBuildFile section */
		D017431729D26E1E000429C7 /* AppDelegate.swift in Sources */ = {isa = PBXBuildFile; fileRef = D017431629D26E1E000429C7 /* AppDelegate.swift */; };
		D017431929D26E1E000429C7 /* SceneDelegate.swift in Sources */ = {isa = PBXBuildFile; fileRef = D017431829D26E1E000429C7 /* SceneDelegate.swift */; };
		D017431B29D26E1E000429C7 /* LoginViewController.swift in Sources */ = {isa = PBXBuildFile; fileRef = D017431A29D26E1E000429C7 /* LoginViewController.swift */; };
		D017432329D26E1F000429C7 /* Assets.xcassets in Resources */ = {isa = PBXBuildFile; fileRef = D017432229D26E1F000429C7 /* Assets.xcassets */; };
		D017432629D26E1F000429C7 /* LaunchScreen.storyboard in Resources */ = {isa = PBXBuildFile; fileRef = D017432429D26E1F000429C7 /* LaunchScreen.storyboard */; };
		D017432E29D26EAB000429C7 /* BaseViewController.swift in Sources */ = {isa = PBXBuildFile; fileRef = D017432D29D26EAB000429C7 /* BaseViewController.swift */; };
		D0A9F3B329D2F9E7005BEFBB /* UIColor+Hex.swift in Sources */ = {isa = PBXBuildFile; fileRef = D0A9F3B229D2F9E7005BEFBB /* UIColor+Hex.swift */; };
		D0A9F3B529D2FA63005BEFBB /* UITextField+leftPadding.swift in Sources */ = {isa = PBXBuildFile; fileRef = D0A9F3B429D2FA63005BEFBB /* UITextField+leftPadding.swift */; };
		D0A9F3BB29D32624005BEFBB /* MainViewController.swift in Sources */ = {isa = PBXBuildFile; fileRef = D0A9F3BA29D32624005BEFBB /* MainViewController.swift */; };
		D0A9F3C129D32D98005BEFBB /* SignupViewController.swift in Sources */ = {isa = PBXBuildFile; fileRef = D0A9F3C029D32D98005BEFBB /* SignupViewController.swift */; };
		D0A9F3C329D32E82005BEFBB /* FindIdViewController.swift in Sources */ = {isa = PBXBuildFile; fileRef = D0A9F3C229D32E82005BEFBB /* FindIdViewController.swift */; };
		D0A9F3C529D32F75005BEFBB /* FindPasswordViewcontroller.swift in Sources */ = {isa = PBXBuildFile; fileRef = D0A9F3C429D32F75005BEFBB /* FindPasswordViewcontroller.swift */; };
		D0A9F3CF29D5A707005BEFBB /* SnapKit in Frameworks */ = {isa = PBXBuildFile; productRef = D0A9F3CE29D5A707005BEFBB /* SnapKit */; };
		D0A9F3D229D80670005BEFBB /* Then in Frameworks */ = {isa = PBXBuildFile; productRef = D0A9F3D129D80670005BEFBB /* Then */; };
/* End PBXBuildFile section */

/* Begin PBXFileReference section */
		D017431329D26E1E000429C7 /* msgiOS.app */ = {isa = PBXFileReference; explicitFileType = wrapper.application; includeInIndex = 0; path = msgiOS.app; sourceTree = BUILT_PRODUCTS_DIR; };
		D017431629D26E1E000429C7 /* AppDelegate.swift */ = {isa = PBXFileReference; lastKnownFileType = sourcecode.swift; path = AppDelegate.swift; sourceTree = "<group>"; };
		D017431829D26E1E000429C7 /* SceneDelegate.swift */ = {isa = PBXFileReference; lastKnownFileType = sourcecode.swift; path = SceneDelegate.swift; sourceTree = "<group>"; };
		D017431A29D26E1E000429C7 /* LoginViewController.swift */ = {isa = PBXFileReference; lastKnownFileType = sourcecode.swift; path = LoginViewController.swift; sourceTree = "<group>"; };
		D017432229D26E1F000429C7 /* Assets.xcassets */ = {isa = PBXFileReference; lastKnownFileType = folder.assetcatalog; path = Assets.xcassets; sourceTree = "<group>"; };
		D017432529D26E1F000429C7 /* Base */ = {isa = PBXFileReference; lastKnownFileType = file.storyboard; name = Base; path = Base.lproj/LaunchScreen.storyboard; sourceTree = "<group>"; };
		D017432729D26E1F000429C7 /* Info.plist */ = {isa = PBXFileReference; lastKnownFileType = text.plist.xml; path = Info.plist; sourceTree = "<group>"; };
		D017432D29D26EAB000429C7 /* BaseViewController.swift */ = {isa = PBXFileReference; lastKnownFileType = sourcecode.swift; path = BaseViewController.swift; sourceTree = "<group>"; };
		D0A9F3B229D2F9E7005BEFBB /* UIColor+Hex.swift */ = {isa = PBXFileReference; lastKnownFileType = sourcecode.swift; path = "UIColor+Hex.swift"; sourceTree = "<group>"; };
		D0A9F3B429D2FA63005BEFBB /* UITextField+leftPadding.swift */ = {isa = PBXFileReference; lastKnownFileType = sourcecode.swift; path = "UITextField+leftPadding.swift"; sourceTree = "<group>"; };
		D0A9F3BA29D32624005BEFBB /* MainViewController.swift */ = {isa = PBXFileReference; lastKnownFileType = sourcecode.swift; path = MainViewController.swift; sourceTree = "<group>"; };
		D0A9F3C029D32D98005BEFBB /* SignupViewController.swift */ = {isa = PBXFileReference; lastKnownFileType = sourcecode.swift; path = SignupViewController.swift; sourceTree = "<group>"; };
		D0A9F3C229D32E82005BEFBB /* FindIdViewController.swift */ = {isa = PBXFileReference; lastKnownFileType = sourcecode.swift; path = FindIdViewController.swift; sourceTree = "<group>"; };
		D0A9F3C429D32F75005BEFBB /* FindPasswordViewcontroller.swift */ = {isa = PBXFileReference; lastKnownFileType = sourcecode.swift; path = FindPasswordViewcontroller.swift; sourceTree = "<group>"; };
/* End PBXFileReference section */

/* Begin PBXFrameworksBuildPhase section */
		D017431029D26E1E000429C7 /* Frameworks */ = {
			isa = PBXFrameworksBuildPhase;
			buildActionMask = 2147483647;
			files = (
				D0A9F3D229D80670005BEFBB /* Then in Frameworks */,
				D0A9F3CF29D5A707005BEFBB /* SnapKit in Frameworks */,
			);
			runOnlyForDeploymentPostprocessing = 0;
		};
/* End PBXFrameworksBuildPhase section */

/* Begin PBXGroup section */
		D017430A29D26E1E000429C7 = {
			isa = PBXGroup;
			children = (
				D017431529D26E1E000429C7 /* msgiOS */,
				D017431429D26E1E000429C7 /* Products */,
			);
			sourceTree = "<group>";
		};
		D017431429D26E1E000429C7 /* Products */ = {
			isa = PBXGroup;
			children = (
				D017431329D26E1E000429C7 /* msgiOS.app */,
			);
			name = Products;
			sourceTree = "<group>";
		};
		D017431529D26E1E000429C7 /* msgiOS */ = {
			isa = PBXGroup;
			children = (
				D0FEEEE929DAAF11006C412C /* CustomView */,
				D0A9F3CA29D3E052005BEFBB /* Base */,
				D0A9F3BF29D32D64005BEFBB /* ViewController */,
				D0A9F3B129D2F9C7005BEFBB /* Extension */,
				D017431629D26E1E000429C7 /* AppDelegate.swift */,
				D017431829D26E1E000429C7 /* SceneDelegate.swift */,
				D017432229D26E1F000429C7 /* Assets.xcassets */,
				D017432429D26E1F000429C7 /* LaunchScreen.storyboard */,
				D017432729D26E1F000429C7 /* Info.plist */,
			);
			path = msgiOS;
			sourceTree = "<group>";
		};
		D0A9F3B129D2F9C7005BEFBB /* Extension */ = {
			isa = PBXGroup;
			children = (
				D0A9F3B229D2F9E7005BEFBB /* UIColor+Hex.swift */,
				D0A9F3B429D2FA63005BEFBB /* UITextField+leftPadding.swift */,
			);
			path = Extension;
			sourceTree = "<group>";
		};
		D0A9F3BF29D32D64005BEFBB /* ViewController */ = {
			isa = PBXGroup;
			children = (
				D0A9F3BA29D32624005BEFBB /* MainViewController.swift */,
				D017431A29D26E1E000429C7 /* LoginViewController.swift */,
				D0A9F3C029D32D98005BEFBB /* SignupViewController.swift */,
				D0A9F3C229D32E82005BEFBB /* FindIdViewController.swift */,
				D0A9F3C429D32F75005BEFBB /* FindPasswordViewcontroller.swift */,
			);
			path = ViewController;
			sourceTree = "<group>";
		};
		D0A9F3CA29D3E052005BEFBB /* Base */ = {
			isa = PBXGroup;
			children = (
				D017432D29D26EAB000429C7 /* BaseViewController.swift */,
			);
			path = Base;
			sourceTree = "<group>";
		};
		D0FEEEE929DAAF11006C412C /* CustomView */ = {
			isa = PBXGroup;
			children = (
			);
			path = CustomView;
			sourceTree = "<group>";
		};
/* End PBXGroup section */

/* Begin PBXNativeTarget section */
		D017431229D26E1E000429C7 /* msgiOS */ = {
			isa = PBXNativeTarget;
			buildConfigurationList = D017432A29D26E1F000429C7 /* Build configuration list for PBXNativeTarget "msgiOS" */;
			buildPhases = (
				D017430F29D26E1E000429C7 /* Sources */,
				D017431029D26E1E000429C7 /* Frameworks */,
				D017431129D26E1E000429C7 /* Resources */,
			);
			buildRules = (
			);
			dependencies = (
			);
			name = msgiOS;
			packageProductDependencies = (
				D0A9F3CE29D5A707005BEFBB /* SnapKit */,
				D0A9F3D129D80670005BEFBB /* Then */,
			);
			productName = msgiOS;
			productReference = D017431329D26E1E000429C7 /* msgiOS.app */;
			productType = "com.apple.product-type.application";
		};
/* End PBXNativeTarget section */

/* Begin PBXProject section */
		D017430B29D26E1E000429C7 /* Project object */ = {
			isa = PBXProject;
			attributes = {
				BuildIndependentTargetsInParallel = 1;
				LastSwiftUpdateCheck = 1420;
				LastUpgradeCheck = 1420;
				TargetAttributes = {
					D017431229D26E1E000429C7 = {
						CreatedOnToolsVersion = 14.2;
					};
				};
			};
			buildConfigurationList = D017430E29D26E1E000429C7 /* Build configuration list for PBXProject "msgiOS" */;
			compatibilityVersion = "Xcode 14.0";
			developmentRegion = en;
			hasScannedForEncodings = 0;
			knownRegions = (
				en,
				Base,
			);
			mainGroup = D017430A29D26E1E000429C7;
			packageReferences = (
				D0A9F3CD29D5A707005BEFBB /* XCRemoteSwiftPackageReference "SnapKit" */,
				D0A9F3D029D80670005BEFBB /* XCRemoteSwiftPackageReference "Then" */,
			);
			productRefGroup = D017431429D26E1E000429C7 /* Products */;
			projectDirPath = "";
			projectRoot = "";
			targets = (
				D017431229D26E1E000429C7 /* msgiOS */,
			);
		};
/* End PBXProject section */

/* Begin PBXResourcesBuildPhase section */
		D017431129D26E1E000429C7 /* Resources */ = {
			isa = PBXResourcesBuildPhase;
			buildActionMask = 2147483647;
			files = (
				D017432629D26E1F000429C7 /* LaunchScreen.storyboard in Resources */,
				D017432329D26E1F000429C7 /* Assets.xcassets in Resources */,
			);
			runOnlyForDeploymentPostprocessing = 0;
		};
/* End PBXResourcesBuildPhase section */

/* Begin PBXSourcesBuildPhase section */
		D017430F29D26E1E000429C7 /* Sources */ = {
			isa = PBXSourcesBuildPhase;
			buildActionMask = 2147483647;
			files = (
				D0A9F3C129D32D98005BEFBB /* SignupViewController.swift in Sources */,
				D017432E29D26EAB000429C7 /* BaseViewController.swift in Sources */,
				D0A9F3C329D32E82005BEFBB /* FindIdViewController.swift in Sources */,
				D0A9F3B529D2FA63005BEFBB /* UITextField+leftPadding.swift in Sources */,
				D0A9F3B329D2F9E7005BEFBB /* UIColor+Hex.swift in Sources */,
				D017431B29D26E1E000429C7 /* LoginViewController.swift in Sources */,
				D0A9F3C529D32F75005BEFBB /* FindPasswordViewcontroller.swift in Sources */,
				D017431729D26E1E000429C7 /* AppDelegate.swift in Sources */,
				D017431929D26E1E000429C7 /* SceneDelegate.swift in Sources */,
				D0A9F3BB29D32624005BEFBB /* MainViewController.swift in Sources */,
			);
			runOnlyForDeploymentPostprocessing = 0;
		};
/* End PBXSourcesBuildPhase section */

/* Begin PBXVariantGroup section */
		D017432429D26E1F000429C7 /* LaunchScreen.storyboard */ = {
			isa = PBXVariantGroup;
			children = (
				D017432529D26E1F000429C7 /* Base */,
			);
			name = LaunchScreen.storyboard;
			sourceTree = "<group>";
		};
/* End PBXVariantGroup section */

/* Begin XCBuildConfiguration section */
		D017432829D26E1F000429C7 /* Debug */ = {
			isa = XCBuildConfiguration;
			buildSettings = {
				ALWAYS_SEARCH_USER_PATHS = NO;
				CLANG_ANALYZER_NONNULL = YES;
				CLANG_ANALYZER_NUMBER_OBJECT_CONVERSION = YES_AGGRESSIVE;
				CLANG_CXX_LANGUAGE_STANDARD = "gnu++20";
				CLANG_ENABLE_MODULES = YES;
				CLANG_ENABLE_OBJC_ARC = YES;
				CLANG_ENABLE_OBJC_WEAK = YES;
				CLANG_WARN_BLOCK_CAPTURE_AUTORELEASING = YES;
				CLANG_WARN_BOOL_CONVERSION = YES;
				CLANG_WARN_COMMA = YES;
				CLANG_WARN_CONSTANT_CONVERSION = YES;
				CLANG_WARN_DEPRECATED_OBJC_IMPLEMENTATIONS = YES;
				CLANG_WARN_DIRECT_OBJC_ISA_USAGE = YES_ERROR;
				CLANG_WARN_DOCUMENTATION_COMMENTS = YES;
				CLANG_WARN_EMPTY_BODY = YES;
				CLANG_WARN_ENUM_CONVERSION = YES;
				CLANG_WARN_INFINITE_RECURSION = YES;
				CLANG_WARN_INT_CONVERSION = YES;
				CLANG_WARN_NON_LITERAL_NULL_CONVERSION = YES;
				CLANG_WARN_OBJC_IMPLICIT_RETAIN_SELF = YES;
				CLANG_WARN_OBJC_LITERAL_CONVERSION = YES;
				CLANG_WARN_OBJC_ROOT_CLASS = YES_ERROR;
				CLANG_WARN_QUOTED_INCLUDE_IN_FRAMEWORK_HEADER = YES;
				CLANG_WARN_RANGE_LOOP_ANALYSIS = YES;
				CLANG_WARN_STRICT_PROTOTYPES = YES;
				CLANG_WARN_SUSPICIOUS_MOVE = YES;
				CLANG_WARN_UNGUARDED_AVAILABILITY = YES_AGGRESSIVE;
				CLANG_WARN_UNREACHABLE_CODE = YES;
				CLANG_WARN__DUPLICATE_METHOD_MATCH = YES;
				COPY_PHASE_STRIP = NO;
				DEBUG_INFORMATION_FORMAT = dwarf;
				ENABLE_STRICT_OBJC_MSGSEND = YES;
				ENABLE_TESTABILITY = YES;
				GCC_C_LANGUAGE_STANDARD = gnu11;
				GCC_DYNAMIC_NO_PIC = NO;
				GCC_NO_COMMON_BLOCKS = YES;
				GCC_OPTIMIZATION_LEVEL = 0;
				GCC_PREPROCESSOR_DEFINITIONS = (
					"DEBUG=1",
					"$(inherited)",
				);
				GCC_WARN_64_TO_32_BIT_CONVERSION = YES;
				GCC_WARN_ABOUT_RETURN_TYPE = YES_ERROR;
				GCC_WARN_UNDECLARED_SELECTOR = YES;
				GCC_WARN_UNINITIALIZED_AUTOS = YES_AGGRESSIVE;
				GCC_WARN_UNUSED_FUNCTION = YES;
				GCC_WARN_UNUSED_VARIABLE = YES;
				IPHONEOS_DEPLOYMENT_TARGET = 16.2;
				MTL_ENABLE_DEBUG_INFO = INCLUDE_SOURCE;
				MTL_FAST_MATH = YES;
				ONLY_ACTIVE_ARCH = YES;
				SDKROOT = iphoneos;
				SWIFT_ACTIVE_COMPILATION_CONDITIONS = DEBUG;
				SWIFT_OPTIMIZATION_LEVEL = "-Onone";
			};
			name = Debug;
		};
		D017432929D26E1F000429C7 /* Release */ = {
			isa = XCBuildConfiguration;
			buildSettings = {
				ALWAYS_SEARCH_USER_PATHS = NO;
				CLANG_ANALYZER_NONNULL = YES;
				CLANG_ANALYZER_NUMBER_OBJECT_CONVERSION = YES_AGGRESSIVE;
				CLANG_CXX_LANGUAGE_STANDARD = "gnu++20";
				CLANG_ENABLE_MODULES = YES;
				CLANG_ENABLE_OBJC_ARC = YES;
				CLANG_ENABLE_OBJC_WEAK = YES;
				CLANG_WARN_BLOCK_CAPTURE_AUTORELEASING = YES;
				CLANG_WARN_BOOL_CONVERSION = YES;
				CLANG_WARN_COMMA = YES;
				CLANG_WARN_CONSTANT_CONVERSION = YES;
				CLANG_WARN_DEPRECATED_OBJC_IMPLEMENTATIONS = YES;
				CLANG_WARN_DIRECT_OBJC_ISA_USAGE = YES_ERROR;
				CLANG_WARN_DOCUMENTATION_COMMENTS = YES;
				CLANG_WARN_EMPTY_BODY = YES;
				CLANG_WARN_ENUM_CONVERSION = YES;
				CLANG_WARN_INFINITE_RECURSION = YES;
				CLANG_WARN_INT_CONVERSION = YES;
				CLANG_WARN_NON_LITERAL_NULL_CONVERSION = YES;
				CLANG_WARN_OBJC_IMPLICIT_RETAIN_SELF = YES;
				CLANG_WARN_OBJC_LITERAL_CONVERSION = YES;
				CLANG_WARN_OBJC_ROOT_CLASS = YES_ERROR;
				CLANG_WARN_QUOTED_INCLUDE_IN_FRAMEWORK_HEADER = YES;
				CLANG_WARN_RANGE_LOOP_ANALYSIS = YES;
				CLANG_WARN_STRICT_PROTOTYPES = YES;
				CLANG_WARN_SUSPICIOUS_MOVE = YES;
				CLANG_WARN_UNGUARDED_AVAILABILITY = YES_AGGRESSIVE;
				CLANG_WARN_UNREACHABLE_CODE = YES;
				CLANG_WARN__DUPLICATE_METHOD_MATCH = YES;
				COPY_PHASE_STRIP = NO;
				DEBUG_INFORMATION_FORMAT = "dwarf-with-dsym";
				ENABLE_NS_ASSERTIONS = NO;
				ENABLE_STRICT_OBJC_MSGSEND = YES;
				GCC_C_LANGUAGE_STANDARD = gnu11;
				GCC_NO_COMMON_BLOCKS = YES;
				GCC_WARN_64_TO_32_BIT_CONVERSION = YES;
				GCC_WARN_ABOUT_RETURN_TYPE = YES_ERROR;
				GCC_WARN_UNDECLARED_SELECTOR = YES;
				GCC_WARN_UNINITIALIZED_AUTOS = YES_AGGRESSIVE;
				GCC_WARN_UNUSED_FUNCTION = YES;
				GCC_WARN_UNUSED_VARIABLE = YES;
				IPHONEOS_DEPLOYMENT_TARGET = 16.2;
				MTL_ENABLE_DEBUG_INFO = NO;
				MTL_FAST_MATH = YES;
				SDKROOT = iphoneos;
				SWIFT_COMPILATION_MODE = wholemodule;
				SWIFT_OPTIMIZATION_LEVEL = "-O";
				VALIDATE_PRODUCT = YES;
			};
			name = Release;
		};
		D017432B29D26E1F000429C7 /* Debug */ = {
			isa = XCBuildConfiguration;
			buildSettings = {
				ASSETCATALOG_COMPILER_APPICON_NAME = AppIcon;
				ASSETCATALOG_COMPILER_GLOBAL_ACCENT_COLOR_NAME = AccentColor;
				CODE_SIGN_STYLE = Automatic;
				CURRENT_PROJECT_VERSION = 1;
				DEVELOPMENT_TEAM = FHST2C78H4;
				GENERATE_INFOPLIST_FILE = YES;
				INFOPLIST_FILE = msgiOS/Info.plist;
				INFOPLIST_KEY_UIApplicationSupportsIndirectInputEvents = YES;
				INFOPLIST_KEY_UILaunchStoryboardName = LaunchScreen;
				INFOPLIST_KEY_UISupportedInterfaceOrientations_iPad = "UIInterfaceOrientationPortrait UIInterfaceOrientationPortraitUpsideDown UIInterfaceOrientationLandscapeLeft UIInterfaceOrientationLandscapeRight";
				INFOPLIST_KEY_UISupportedInterfaceOrientations_iPhone = "UIInterfaceOrientationPortrait UIInterfaceOrientationLandscapeLeft UIInterfaceOrientationLandscapeRight";
				LD_RUNPATH_SEARCH_PATHS = (
					"$(inherited)",
					"@executable_path/Frameworks",
				);
				MARKETING_VERSION = 1.0;
				PRODUCT_BUNDLE_IDENTIFIER = yoonseo.msgiOS;
				PRODUCT_NAME = "$(TARGET_NAME)";
				SWIFT_EMIT_LOC_STRINGS = YES;
				SWIFT_VERSION = 5.0;
				TARGETED_DEVICE_FAMILY = "1,2";
			};
			name = Debug;
		};
		D017432C29D26E1F000429C7 /* Release */ = {
			isa = XCBuildConfiguration;
			buildSettings = {
				ASSETCATALOG_COMPILER_APPICON_NAME = AppIcon;
				ASSETCATALOG_COMPILER_GLOBAL_ACCENT_COLOR_NAME = AccentColor;
				CODE_SIGN_STYLE = Automatic;
				CURRENT_PROJECT_VERSION = 1;
				DEVELOPMENT_TEAM = FHST2C78H4;
				GENERATE_INFOPLIST_FILE = YES;
				INFOPLIST_FILE = msgiOS/Info.plist;
				INFOPLIST_KEY_UIApplicationSupportsIndirectInputEvents = YES;
				INFOPLIST_KEY_UILaunchStoryboardName = LaunchScreen;
				INFOPLIST_KEY_UISupportedInterfaceOrientations_iPad = "UIInterfaceOrientationPortrait UIInterfaceOrientationPortraitUpsideDown UIInterfaceOrientationLandscapeLeft UIInterfaceOrientationLandscapeRight";
				INFOPLIST_KEY_UISupportedInterfaceOrientations_iPhone = "UIInterfaceOrientationPortrait UIInterfaceOrientationLandscapeLeft UIInterfaceOrientationLandscapeRight";
				LD_RUNPATH_SEARCH_PATHS = (
					"$(inherited)",
					"@executable_path/Frameworks",
				);
				MARKETING_VERSION = 1.0;
				PRODUCT_BUNDLE_IDENTIFIER = yoonseo.msgiOS;
				PRODUCT_NAME = "$(TARGET_NAME)";
				SWIFT_EMIT_LOC_STRINGS = YES;
				SWIFT_VERSION = 5.0;
				TARGETED_DEVICE_FAMILY = "1,2";
			};
			name = Release;
		};
/* End XCBuildConfiguration section */

/* Begin XCConfigurationList section */
		D017430E29D26E1E000429C7 /* Build configuration list for PBXProject "msgiOS" */ = {
			isa = XCConfigurationList;
			buildConfigurations = (
				D017432829D26E1F000429C7 /* Debug */,
				D017432929D26E1F000429C7 /* Release */,
			);
			defaultConfigurationIsVisible = 0;
			defaultConfigurationName = Release;
		};
		D017432A29D26E1F000429C7 /* Build configuration list for PBXNativeTarget "msgiOS" */ = {
			isa = XCConfigurationList;
			buildConfigurations = (
				D017432B29D26E1F000429C7 /* Debug */,
				D017432C29D26E1F000429C7 /* Release */,
			);
			defaultConfigurationIsVisible = 0;
			defaultConfigurationName = Release;
		};
/* End XCConfigurationList section */

/* Begin XCRemoteSwiftPackageReference section */
		D0A9F3CD29D5A707005BEFBB /* XCRemoteSwiftPackageReference "SnapKit" */ = {
			isa = XCRemoteSwiftPackageReference;
			repositoryURL = "https://github.com/SnapKit/SnapKit";
			requirement = {
				branch = develop;
				kind = branch;
			};
		};
		D0A9F3D029D80670005BEFBB /* XCRemoteSwiftPackageReference "Then" */ = {
			isa = XCRemoteSwiftPackageReference;
			repositoryURL = "https://github.com/devxoul/Then.git";
			requirement = {
				kind = upToNextMajorVersion;
				minimumVersion = 3.0.0;
			};
		};
/* End XCRemoteSwiftPackageReference section */

/* Begin XCSwiftPackageProductDependency section */
		D0A9F3CE29D5A707005BEFBB /* SnapKit */ = {
			isa = XCSwiftPackageProductDependency;
			package = D0A9F3CD29D5A707005BEFBB /* XCRemoteSwiftPackageReference "SnapKit" */;
			productName = SnapKit;
		};
		D0A9F3D129D80670005BEFBB /* Then */ = {
			isa = XCSwiftPackageProductDependency;
			package = D0A9F3D029D80670005BEFBB /* XCRemoteSwiftPackageReference "Then" */;
			productName = Then;
		};
/* End XCSwiftPackageProductDependency section */
	};
	rootObject = D017430B29D26E1E000429C7 /* Project object */;
}
